
Microsoft Visual Studio Solution File, Format Version 12.00
# Visual Studio Version 17
VisualStudioVersion = 17.0.31903.59
MinimumVisualStudioVersion = 10.0.40219.1
Project("{FAE04EC0-301F-11D3-BF4B-00C04F79EFBC}") = "OnlineTestAI.Api", "OnlineTestAI.Api\OnlineTestAI.Api.csproj", "{CE8D93D2-4220-4D1F-9701-D62E2BBBD66A}"
EndProject
Project("{FAE04EC0-301F-11D3-BF4B-00C04F79EFBC}") = "OnlineTestAI.Web", "OnlineTestAI.Web\OnlineTestAI.Web.csproj", "{3C9174B7-4171-4E16-B00E-28B2F5FAAF58}"
EndProject
Global
	GlobalSection(SolutionConfigurationPlatforms) = preSolution
		Debug|Any CPU = Debug|Any CPU
		Debug|x64 = Debug|x64
		Debug|x86 = Debug|x86
		Release|Any CPU = Release|Any CPU
		Release|x64 = Release|x64
		Release|x86 = Release|x86
	EndGlobalSection
	GlobalSection(ProjectConfigurationPlatforms) = postSolution
		{CE8D93D2-4220-4D1F-9701-D62E2BBBD66A}.Debug|Any CPU.ActiveCfg = Debug|Any CPU
		{CE8D93D2-4220-4D1F-9701-D62E2BBBD66A}.Debug|Any CPU.Build.0 = Debug|Any CPU
		{CE8D93D2-4220-4D1F-9701-D62E2BBBD66A}.Debug|x64.ActiveCfg = Debug|Any CPU
		{CE8D93D2-4220-4D1F-9701-D62E2BBBD66A}.Debug|x64.Build.0 = Debug|Any CPU
		{CE8D93D2-4220-4D1F-9701-D62E2BBBD66A}.Debug|x86.ActiveCfg = Debug|Any CPU
		{CE8D93D2-4220-4D1F-9701-D62E2BBBD66A}.Debug|x86.Build.0 = Debug|Any CPU
		{CE8D93D2-4220-4D1F-9701-D62E2BBBD66A}.Release|Any CPU.ActiveCfg = Release|Any CPU
		{CE8D93D2-4220-4D1F-9701-D62E2BBBD66A}.Release|Any CPU.Build.0 = Release|Any CPU
		{CE8D93D2-4220-4D1F-9701-D62E2BBBD66A}.Release|x64.ActiveCfg = Release|Any CPU
		{CE8D93D2-4220-4D1F-9701-D62E2BBBD66A}.Release|x64.Build.0 = Release|Any CPU
		{CE8D93D2-4220-4D1F-9701-D62E2BBBD66A}.Release|x86.ActiveCfg = Release|Any CPU
		{CE8D93D2-4220-4D1F-9701-D62E2BBBD66A}.Release|x86.Build.0 = Release|Any CPU
		{3C9174B7-4171-4E16-B00E-28B2F5FAAF58}.Debug|Any CPU.ActiveCfg = Debug|Any CPU
		{3C9174B7-4171-4E16-B00E-28B2F5FAAF58}.Debug|Any CPU.Build.0 = Debug|Any CPU
		{3C9174B7-4171-4E16-B00E-28B2F5FAAF58}.Debug|x64.ActiveCfg = Debug|Any CPU
		{3C9174B7-4171-4E16-B00E-28B2F5FAAF58}.Debug|x64.Build.0 = Debug|Any CPU
		{3C9174B7-4171-4E16-B00E-28B2F5FAAF58}.Debug|x86.ActiveCfg = Debug|Any CPU
		{3C9174B7-4171-4E16-B00E-28B2F5FAAF58}.Debug|x86.Build.0 = Debug|Any CPU
		{3C9174B7-4171-4E16-B00E-28B2F5FAAF58}.Release|Any CPU.ActiveCfg = Release|Any CPU
		{3C9174B7-4171-4E16-B00E-28B2F5FAAF58}.Release|Any CPU.Build.0 = Release|Any CPU
		{3C9174B7-4171-4E16-B00E-28B2F5FAAF58}.Release|x64.ActiveCfg = Release|Any CPU
		{3C9174B7-4171-4E16-B00E-28B2F5FAAF58}.Release|x64.Build.0 = Release|Any CPU
		{3C9174B7-4171-4E16-B00E-28B2F5FAAF58}.Release|x86.ActiveCfg = Release|Any CPU
		{3C9174B7-4171-4E16-B00E-28B2F5FAAF58}.Release|x86.Build.0 = Release|Any CPU
	EndGlobalSection
	GlobalSection(SolutionProperties) = preSolution
		HideSolutionNode = FALSE
	EndGlobalSection
EndGlobal
